// !$*UTF8*$!
{
	archiveVersion = 1;
	classes = {
	};
	objectVersion = 50;
	objects = {

/* Begin PBXBuildFile section */
		CC07F5192731CE9A00DF84DB /* AppDelegate.swift in Sources */ = {isa = PBXBuildFile; fileRef = CC07F5182731CE9A00DF84DB /* AppDelegate.swift */; };
		CC07F51B2731CE9A00DF84DB /* SceneDelegate.swift in Sources */ = {isa = PBXBuildFile; fileRef = CC07F51A2731CE9A00DF84DB /* SceneDelegate.swift */; };
		CC07F51D2731CE9A00DF84DB /* ViewController.swift in Sources */ = {isa = PBXBuildFile; fileRef = CC07F51C2731CE9A00DF84DB /* ViewController.swift */; };
		CC07F5202731CE9A00DF84DB /* Main.storyboard in Resources */ = {isa = PBXBuildFile; fileRef = CC07F51E2731CE9A00DF84DB /* Main.storyboard */; };
		CC07F5222731CE9C00DF84DB /* Assets.xcassets in Resources */ = {isa = PBXBuildFile; fileRef = CC07F5212731CE9C00DF84DB /* Assets.xcassets */; };
		CC07F5252731CE9C00DF84DB /* LaunchScreen.storyboard in Resources */ = {isa = PBXBuildFile; fileRef = CC07F5232731CE9C00DF84DB /* LaunchScreen.storyboard */; };
		CC07F5302731CE9C00DF84DB /* NFC_ReaderTests.swift in Sources */ = {isa = PBXBuildFile; fileRef = CC07F52F2731CE9C00DF84DB /* NFC_ReaderTests.swift */; };
		CC07F53B2731CE9C00DF84DB /* NFC_ReaderUITests.swift in Sources */ = {isa = PBXBuildFile; fileRef = CC07F53A2731CE9C00DF84DB /* NFC_ReaderUITests.swift */; };
/* End PBXBuildFile section */

/* Begin PBXContainerItemProxy section */
		CC07F52C2731CE9C00DF84DB /* PBXContainerItemProxy */ = {
			isa = PBXContainerItemProxy;
			containerPortal = CC07F50D2731CE9A00DF84DB /* Project object */;
			proxyType = 1;
			remoteGlobalIDString = CC07F5142731CE9A00DF84DB;
			remoteInfo = NFC_Reader;
		};
		CC07F5372731CE9C00DF84DB /* PBXContainerItemProxy */ = {
			isa = PBXContainerItemProxy;
			containerPortal = CC07F50D2731CE9A00DF84DB /* Project object */;
			proxyType = 1;
			remoteGlobalIDString = CC07F5142731CE9A00DF84DB;
			remoteInfo = NFC_Reader;
		};
/* End PBXContainerItemProxy section */

/* Begin PBXFileReference section */
		CC07F5152731CE9A00DF84DB /* NFC_Reader.app */ = {isa = PBXFileReference; explicitFileType = wrapper.application; includeInIndex = 0; path = NFC_Reader.app; sourceTree = BUILT_PRODUCTS_DIR; };
		CC07F5182731CE9A00DF84DB /* AppDelegate.swift */ = {isa = PBXFileReference; lastKnownFileType = sourcecode.swift; path = AppDelegate.swift; sourceTree = "<group>"; };
		CC07F51A2731CE9A00DF84DB /* SceneDelegate.swift */ = {isa = PBXFileReference; lastKnownFileType = sourcecode.swift; path = SceneDelegate.swift; sourceTree = "<group>"; };
		CC07F51C2731CE9A00DF84DB /* ViewController.swift */ = {isa = PBXFileReference; lastKnownFileType = sourcecode.swift; path = ViewController.swift; sourceTree = "<group>"; };
		CC07F51F2731CE9A00DF84DB /* Base */ = {isa = PBXFileReference; lastKnownFileType = file.storyboard; name = Base; path = Base.lproj/Main.storyboard; sourceTree = "<group>"; };
		CC07F5212731CE9C00DF84DB /* Assets.xcassets */ = {isa = PBXFileReference; lastKnownFileType = folder.assetcatalog; path = Assets.xcassets; sourceTree = "<group>"; };
		CC07F5242731CE9C00DF84DB /* Base */ = {isa = PBXFileReference; lastKnownFileType = file.storyboard; name = Base; path = Base.lproj/LaunchScreen.storyboard; sourceTree = "<group>"; };
		CC07F5262731CE9C00DF84DB /* Info.plist */ = {isa = PBXFileReference; lastKnownFileType = text.plist.xml; path = Info.plist; sourceTree = "<group>"; };
		CC07F52B2731CE9C00DF84DB /* NFC_ReaderTests.xctest */ = {isa = PBXFileReference; explicitFileType = wrapper.cfbundle; includeInIndex = 0; path = NFC_ReaderTests.xctest; sourceTree = BUILT_PRODUCTS_DIR; };
		CC07F52F2731CE9C00DF84DB /* NFC_ReaderTests.swift */ = {isa = PBXFileReference; lastKnownFileType = sourcecode.swift; path = NFC_ReaderTests.swift; sourceTree = "<group>"; };
		CC07F5312731CE9C00DF84DB /* Info.plist */ = {isa = PBXFileReference; lastKnownFileType = text.plist.xml; path = Info.plist; sourceTree = "<group>"; };
		CC07F5362731CE9C00DF84DB /* NFC_ReaderUITests.xctest */ = {isa = PBXFileReference; explicitFileType = wrapper.cfbundle; includeInIndex = 0; path = NFC_ReaderUITests.xctest; sourceTree = BUILT_PRODUCTS_DIR; };
		CC07F53A2731CE9C00DF84DB /* NFC_ReaderUITests.swift */ = {isa = PBXFileReference; lastKnownFileType = sourcecode.swift; path = NFC_ReaderUITests.swift; sourceTree = "<group>"; };
		CC07F53C2731CE9C00DF84DB /* Info.plist */ = {isa = PBXFileReference; lastKnownFileType = text.plist.xml; path = Info.plist; sourceTree = "<group>"; };
/* End PBXFileReference section */

/* Begin PBXFrameworksBuildPhase section */
		CC07F5122731CE9A00DF84DB /* Frameworks */ = {
			isa = PBXFrameworksBuildPhase;
			buildActionMask = 2147483647;
			files = (
			);
			runOnlyForDeploymentPostprocessing = 0;
		};
		CC07F5282731CE9C00DF84DB /* Frameworks */ = {
			isa = PBXFrameworksBuildPhase;
			buildActionMask = 2147483647;
			files = (
			);
			runOnlyForDeploymentPostprocessing = 0;
		};
		CC07F5332731CE9C00DF84DB /* Frameworks */ = {
			isa = PBXFrameworksBuildPhase;
			buildActionMask = 2147483647;
			files = (
			);
			runOnlyForDeploymentPostprocessing = 0;
		};
/* End PBXFrameworksBuildPhase section */

/* Begin PBXGroup section */
		CC07F50C2731CE9A00DF84DB = {
			isa = PBXGroup;
			children = (
				CC07F5172731CE9A00DF84DB /* NFC_Reader */,
				CC07F52E2731CE9C00DF84DB /* NFC_ReaderTests */,
				CC07F5392731CE9C00DF84DB /* NFC_ReaderUITests */,
				CC07F5162731CE9A00DF84DB /* Products */,
			);
			sourceTree = "<group>";
		};
		CC07F5162731CE9A00DF84DB /* Products */ = {
			isa = PBXGroup;
			children = (
				CC07F5152731CE9A00DF84DB /* NFC_Reader.app */,
				CC07F52B2731CE9C00DF84DB /* NFC_ReaderTests.xctest */,
				CC07F5362731CE9C00DF84DB /* NFC_ReaderUITests.xctest */,
			);
			name = Products;
			sourceTree = "<group>";
		};
		CC07F5172731CE9A00DF84DB /* NFC_Reader */ = {
			isa = PBXGroup;
			children = (
				CC07F5182731CE9A00DF84DB /* AppDelegate.swift */,
				CC07F51A2731CE9A00DF84DB /* SceneDelegate.swift */,
				CC07F51C2731CE9A00DF84DB /* ViewController.swift */,
				CC07F51E2731CE9A00DF84DB /* Main.storyboard */,
				CC07F5212731CE9C00DF84DB /* Assets.xcassets */,
				CC07F5232731CE9C00DF84DB /* LaunchScreen.storyboard */,
				CC07F5262731CE9C00DF84DB /* Info.plist */,
			);
			path = NFC_Reader;
			sourceTree = "<group>";
		};
		CC07F52E2731CE9C00DF84DB /* NFC_ReaderTests */ = {
			isa = PBXGroup;
			children = (
				CC07F52F2731CE9C00DF84DB /* NFC_ReaderTests.swift */,
				CC07F5312731CE9C00DF84DB /* Info.plist */,
			);
			path = NFC_ReaderTests;
			sourceTree = "<group>";
		};
		CC07F5392731CE9C00DF84DB /* NFC_ReaderUITests */ = {
			isa = PBXGroup;
			children = (
				CC07F53A2731CE9C00DF84DB /* NFC_ReaderUITests.swift */,
				CC07F53C2731CE9C00DF84DB /* Info.plist */,
			);
			path = NFC_ReaderUITests;
			sourceTree = "<group>";
		};
/* End PBXGroup section */

/* Begin PBXNativeTarget section */
		CC07F5142731CE9A00DF84DB /* NFC_Reader */ = {
			isa = PBXNativeTarget;
			buildConfigurationList = CC07F53F2731CE9C00DF84DB /* Build configuration list for PBXNativeTarget "NFC_Reader" */;
			buildPhases = (
				CC07F5112731CE9A00DF84DB /* Sources */,
				CC07F5122731CE9A00DF84DB /* Frameworks */,
				CC07F5132731CE9A00DF84DB /* Resources */,
			);
			buildRules = (
			);
			dependencies = (
			);
			name = NFC_Reader;
			productName = NFC_Reader;
			productReference = CC07F5152731CE9A00DF84DB /* NFC_Reader.app */;
			productType = "com.apple.product-type.application";
		};
		CC07F52A2731CE9C00DF84DB /* NFC_ReaderTests */ = {
			isa = PBXNativeTarget;
			buildConfigurationList = CC07F5422731CE9C00DF84DB /* Build configuration list for PBXNativeTarget "NFC_ReaderTests" */;
			buildPhases = (
				CC07F5272731CE9C00DF84DB /* Sources */,
				CC07F5282731CE9C00DF84DB /* Frameworks */,
				CC07F5292731CE9C00DF84DB /* Resources */,
			);
			buildRules = (
			);
			dependencies = (
				CC07F52D2731CE9C00DF84DB /* PBXTargetDependency */,
			);
			name = NFC_ReaderTests;
			productName = NFC_ReaderTests;
			productReference = CC07F52B2731CE9C00DF84DB /* NFC_ReaderTests.xctest */;
			productType = "com.apple.product-type.bundle.unit-test";
		};
		CC07F5352731CE9C00DF84DB /* NFC_ReaderUITests */ = {
			isa = PBXNativeTarget;
			buildConfigurationList = CC07F5452731CE9C00DF84DB /* Build configuration list for PBXNativeTarget "NFC_ReaderUITests" */;
			buildPhases = (
				CC07F5322731CE9C00DF84DB /* Sources */,
				CC07F5332731CE9C00DF84DB /* Frameworks */,
				CC07F5342731CE9C00DF84DB /* Resources */,
			);
			buildRules = (
			);
			dependencies = (
				CC07F5382731CE9C00DF84DB /* PBXTargetDependency */,
			);
			name = NFC_ReaderUITests;
			productName = NFC_ReaderUITests;
			productReference = CC07F5362731CE9C00DF84DB /* NFC_ReaderUITests.xctest */;
			productType = "com.apple.product-type.bundle.ui-testing";
		};
/* End PBXNativeTarget section */

/* Begin PBXProject section */
		CC07F50D2731CE9A00DF84DB /* Project object */ = {
			isa = PBXProject;
			attributes = {
				LastSwiftUpdateCheck = 1250;
				LastUpgradeCheck = 1250;
				TargetAttributes = {
					CC07F5142731CE9A00DF84DB = {
						CreatedOnToolsVersion = 12.5.1;
					};
					CC07F52A2731CE9C00DF84DB = {
						CreatedOnToolsVersion = 12.5.1;
						TestTargetID = CC07F5142731CE9A00DF84DB;
					};
					CC07F5352731CE9C00DF84DB = {
						CreatedOnToolsVersion = 12.5.1;
						TestTargetID = CC07F5142731CE9A00DF84DB;
					};
				};
			};
			buildConfigurationList = CC07F5102731CE9A00DF84DB /* Build configuration list for PBXProject "NFC_Reader" */;
			compatibilityVersion = "Xcode 9.3";
			developmentRegion = en;
			hasScannedForEncodings = 0;
			knownRegions = (
				en,
				Base,
			);
			mainGroup = CC07F50C2731CE9A00DF84DB;
			productRefGroup = CC07F5162731CE9A00DF84DB /* Products */;
			projectDirPath = "";
			projectRoot = "";
			targets = (
				CC07F5142731CE9A00DF84DB /* NFC_Reader */,
				CC07F52A2731CE9C00DF84DB /* NFC_ReaderTests */,
				CC07F5352731CE9C00DF84DB /* NFC_ReaderUITests */,
			);
		};
/* End PBXProject section */

/* Begin PBXResourcesBuildPhase section */
		CC07F5132731CE9A00DF84DB /* Resources */ = {
			isa = PBXResourcesBuildPhase;
			buildActionMask = 2147483647;
			files = (
				CC07F5252731CE9C00DF84DB /* LaunchScreen.storyboard in Resources */,
				CC07F5222731CE9C00DF84DB /* Assets.xcassets in Resources */,
				CC07F5202731CE9A00DF84DB /* Main.storyboard in Resources */,
			);
			runOnlyForDeploymentPostprocessing = 0;
		};
		CC07F5292731CE9C00DF84DB /* Resources */ = {
			isa = PBXResourcesBuildPhase;
			buildActionMask = 2147483647;
			files = (
			);
			runOnlyForDeploymentPostprocessing = 0;
		};
		CC07F5342731CE9C00DF84DB /* Resources */ = {
			isa = PBXResourcesBuildPhase;
			buildActionMask = 2147483647;
			files = (
			);
			runOnlyForDeploymentPostprocessing = 0;
		};
/* End PBXResourcesBuildPhase section */

/* Begin PBXSourcesBuildPhase section */
		CC07F5112731CE9A00DF84DB /* Sources */ = {
			isa = PBXSourcesBuildPhase;
			buildActionMask = 2147483647;
			files = (
				CC07F51D2731CE9A00DF84DB /* ViewController.swift in Sources */,
				CC07F5192731CE9A00DF84DB /* AppDelegate.swift in Sources */,
				CC07F51B2731CE9A00DF84DB /* SceneDelegate.swift in Sources */,
			);
			runOnlyForDeploymentPostprocessing = 0;
		};
		CC07F5272731CE9C00DF84DB /* Sources */ = {
			isa = PBXSourcesBuildPhase;
			buildActionMask = 2147483647;
			files = (
				CC07F5302731CE9C00DF84DB /* NFC_ReaderTests.swift in Sources */,
			);
			runOnlyForDeploymentPostprocessing = 0;
		};
		CC07F5322731CE9C00DF84DB /* Sources */ = {
			isa = PBXSourcesBuildPhase;
			buildActionMask = 2147483647;
			files = (
				CC07F53B2731CE9C00DF84DB /* NFC_ReaderUITests.swift in Sources */,
			);
			runOnlyForDeploymentPostprocessing = 0;
		};
/* End PBXSourcesBuildPhase section */

/* Begin PBXTargetDependency section */
		CC07F52D2731CE9C00DF84DB /* PBXTargetDependency */ = {
			isa = PBXTargetDependency;
			target = CC07F5142731CE9A00DF84DB /* NFC_Reader */;
			targetProxy = CC07F52C2731CE9C00DF84DB /* PBXContainerItemProxy */;
		};
		CC07F5382731CE9C00DF84DB /* PBXTargetDependency */ = {
			isa = PBXTargetDependency;
			target = CC07F5142731CE9A00DF84DB /* NFC_Reader */;
			targetProxy = CC07F5372731CE9C00DF84DB /* PBXContainerItemProxy */;
		};
/* End PBXTargetDependency section */

/* Begin PBXVariantGroup section */
		CC07F51E2731CE9A00DF84DB /* Main.storyboard */ = {
			isa = PBXVariantGroup;
			children = (
				CC07F51F2731CE9A00DF84DB /* Base */,
			);
			name = Main.storyboard;
			sourceTree = "<group>";
		};
		CC07F5232731CE9C00DF84DB /* LaunchScreen.storyboard */ = {
			isa = PBXVariantGroup;
			children = (
				CC07F5242731CE9C00DF84DB /* Base */,
			);
			name = LaunchScreen.storyboard;
			sourceTree = "<group>";
		};
/* End PBXVariantGroup section */

/* Begin XCBuildConfiguration section */
		CC07F53D2731CE9C00DF84DB /* Debug */ = {
			isa = XCBuildConfiguration;
			buildSettings = {
				ALWAYS_SEARCH_USER_PATHS = NO;
				CLANG_ANALYZER_NONNULL = YES;
				CLANG_ANALYZER_NUMBER_OBJECT_CONVERSION = YES_AGGRESSIVE;
				CLANG_CXX_LANGUAGE_STANDARD = "gnu++14";
				CLANG_CXX_LIBRARY = "libc++";
				CLANG_ENABLE_MODULES = YES;
				CLANG_ENABLE_OBJC_ARC = YES;
				CLANG_ENABLE_OBJC_WEAK = YES;
				CLANG_WARN_BLOCK_CAPTURE_AUTORELEASING = YES;
				CLANG_WARN_BOOL_CONVERSION = YES;
				CLANG_WARN_COMMA = YES;
				CLANG_WARN_CONSTANT_CONVERSION = YES;
				CLANG_WARN_DEPRECATED_OBJC_IMPLEMENTATIONS = YES;
				CLANG_WARN_DIRECT_OBJC_ISA_USAGE = YES_ERROR;
				CLANG_WARN_DOCUMENTATION_COMMENTS = YES;
				CLANG_WARN_EMPTY_BODY = YES;
				CLANG_WARN_ENUM_CONVERSION = YES;
				CLANG_WARN_INFINITE_RECURSION = YES;
				CLANG_WARN_INT_CONVERSION = YES;
				CLANG_WARN_NON_LITERAL_NULL_CONVERSION = YES;
				CLANG_WARN_OBJC_IMPLICIT_RETAIN_SELF = YES;
				CLANG_WARN_OBJC_LITERAL_CONVERSION = YES;
				CLANG_WARN_OBJC_ROOT_CLASS = YES_ERROR;
				CLANG_WARN_QUOTED_INCLUDE_IN_FRAMEWORK_HEADER = YES;
				CLANG_WARN_RANGE_LOOP_ANALYSIS = YES;
				CLANG_WARN_STRICT_PROTOTYPES = YES;
				CLANG_WARN_SUSPICIOUS_MOVE = YES;
				CLANG_WARN_UNGUARDED_AVAILABILITY = YES_AGGRESSIVE;
				CLANG_WARN_UNREACHABLE_CODE = YES;
				CLANG_WARN__DUPLICATE_METHOD_MATCH = YES;
				COPY_PHASE_STRIP = NO;
				DEBUG_INFORMATION_FORMAT = dwarf;
				ENABLE_STRICT_OBJC_MSGSEND = YES;
				ENABLE_TESTABILITY = YES;
				GCC_C_LANGUAGE_STANDARD = gnu11;
				GCC_DYNAMIC_NO_PIC = NO;
				GCC_NO_COMMON_BLOCKS = YES;
				GCC_OPTIMIZATION_LEVEL = 0;
				GCC_PREPROCESSOR_DEFINITIONS = (
					"DEBUG=1",
					"$(inherited)",
				);
				GCC_WARN_64_TO_32_BIT_CONVERSION = YES;
				GCC_WARN_ABOUT_RETURN_TYPE = YES_ERROR;
				GCC_WARN_UNDECLARED_SELECTOR = YES;
				GCC_WARN_UNINITIALIZED_AUTOS = YES_AGGRESSIVE;
				GCC_WARN_UNUSED_FUNCTION = YES;
				GCC_WARN_UNUSED_VARIABLE = YES;
				IPHONEOS_DEPLOYMENT_TARGET = 14.5;
				MTL_ENABLE_DEBUG_INFO = INCLUDE_SOURCE;
				MTL_FAST_MATH = YES;
				ONLY_ACTIVE_ARCH = YES;
				SDKROOT = iphoneos;
				SWIFT_ACTIVE_COMPILATION_CONDITIONS = DEBUG;
				SWIFT_OPTIMIZATION_LEVEL = "-Onone";
			};
			name = Debug;
		};
		CC07F53E2731CE9C00DF84DB /* Release */ = {
			isa = XCBuildConfiguration;
			buildSettings = {
				ALWAYS_SEARCH_USER_PATHS = NO;
				CLANG_ANALYZER_NONNULL = YES;
				CLANG_ANALYZER_NUMBER_OBJECT_CONVERSION = YES_AGGRESSIVE;
				CLANG_CXX_LANGUAGE_STANDARD = "gnu++14";
				CLANG_CXX_LIBRARY = "libc++";
				CLANG_ENABLE_MODULES = YES;
				CLANG_ENABLE_OBJC_ARC = YES;
				CLANG_ENABLE_OBJC_WEAK = YES;
				CLANG_WARN_BLOCK_CAPTURE_AUTORELEASING = YES;
				CLANG_WARN_BOOL_CONVERSION = YES;
				CLANG_WARN_COMMA = YES;
				CLANG_WARN_CONSTANT_CONVERSION = YES;
				CLANG_WARN_DEPRECATED_OBJC_IMPLEMENTATIONS = YES;
				CLANG_WARN_DIRECT_OBJC_ISA_USAGE = YES_ERROR;
				CLANG_WARN_DOCUMENTATION_COMMENTS = YES;
				CLANG_WARN_EMPTY_BODY = YES;
				CLANG_WARN_ENUM_CONVERSION = YES;
				CLANG_WARN_INFINITE_RECURSION = YES;
				CLANG_WARN_INT_CONVERSION = YES;
				CLANG_WARN_NON_LITERAL_NULL_CONVERSION = YES;
				CLANG_WARN_OBJC_IMPLICIT_RETAIN_SELF = YES;
				CLANG_WARN_OBJC_LITERAL_CONVERSION = YES;
				CLANG_WARN_OBJC_ROOT_CLASS = YES_ERROR;
				CLANG_WARN_QUOTED_INCLUDE_IN_FRAMEWORK_HEADER = YES;
				CLANG_WARN_RANGE_LOOP_ANALYSIS = YES;
				CLANG_WARN_STRICT_PROTOTYPES = YES;
				CLANG_WARN_SUSPICIOUS_MOVE = YES;
				CLANG_WARN_UNGUARDED_AVAILABILITY = YES_AGGRESSIVE;
				CLANG_WARN_UNREACHABLE_CODE = YES;
				CLANG_WARN__DUPLICATE_METHOD_MATCH = YES;
				COPY_PHASE_STRIP = NO;
				DEBUG_INFORMATION_FORMAT = "dwarf-with-dsym";
				ENABLE_NS_ASSERTIONS = NO;
				ENABLE_STRICT_OBJC_MSGSEND = YES;
				GCC_C_LANGUAGE_STANDARD = gnu11;
				GCC_NO_COMMON_BLOCKS = YES;
				GCC_WARN_64_TO_32_BIT_CONVERSION = YES;
				GCC_WARN_ABOUT_RETURN_TYPE = YES_ERROR;
				GCC_WARN_UNDECLARED_SELECTOR = YES;
				GCC_WARN_UNINITIALIZED_AUTOS = YES_AGGRESSIVE;
				GCC_WARN_UNUSED_FUNCTION = YES;
				GCC_WARN_UNUSED_VARIABLE = YES;
				IPHONEOS_DEPLOYMENT_TARGET = 14.5;
				MTL_ENABLE_DEBUG_INFO = NO;
				MTL_FAST_MATH = YES;
				SDKROOT = iphoneos;
				SWIFT_COMPILATION_MODE = wholemodule;
				SWIFT_OPTIMIZATION_LEVEL = "-O";
				VALIDATE_PRODUCT = YES;
			};
			name = Release;
		};
		CC07F5402731CE9C00DF84DB /* Debug */ = {
			isa = XCBuildConfiguration;
			buildSettings = {
				ASSETCATALOG_COMPILER_APPICON_NAME = AppIcon;
				ASSETCATALOG_COMPILER_GLOBAL_ACCENT_COLOR_NAME = AccentColor;
				CODE_SIGN_ENTITLEMENTS = NFC_Reader/NFC_Reader.entitlements;
				CODE_SIGN_STYLE = Automatic;
				DEVELOPMENT_TEAM = L73M8R7276;
				INFOPLIST_FILE = NFC_Reader/Info.plist;
				LD_RUNPATH_SEARCH_PATHS = (
					"$(inherited)",
					"@executable_path/Frameworks",
				);
				PRODUCT_BUNDLE_IDENTIFIER = "com.m3ts.NFC-Reader";
				PRODUCT_NAME = "$(TARGET_NAME)";
				SWIFT_VERSION = 5.0;
				TARGETED_DEVICE_FAMILY = "1,2";
			};
			name = Debug;
		};
		CC07F5412731CE9C00DF84DB /* Release */ = {
			isa = XCBuildConfiguration;
			buildSettings = {
				ASSETCATALOG_COMPILER_APPICON_NAME = AppIcon;
				ASSETCATALOG_COMPILER_GLOBAL_ACCENT_COLOR_NAME = AccentColor;
				CODE_SIGN_ENTITLEMENTS = NFC_Reader/NFC_Reader.entitlements;
				CODE_SIGN_STYLE = Automatic;
				DEVELOPMENT_TEAM = L73M8R7276;
				INFOPLIST_FILE = NFC_Reader/Info.plist;
				LD_RUNPATH_SEARCH_PATHS = (
					"$(inherited)",
					"@executable_path/Frameworks",
				);
				PRODUCT_BUNDLE_IDENTIFIER = "com.m3ts.NFC-Reader";
				PRODUCT_NAME = "$(TARGET_NAME)";
				SWIFT_VERSION = 5.0;
				TARGETED_DEVICE_FAMILY = "1,2";
			};
			name = Release;
		};
		CC07F5432731CE9C00DF84DB /* Debug */ = {
			isa = XCBuildConfiguration;
			buildSettings = {
				ALWAYS_EMBED_SWIFT_STANDARD_LIBRARIES = YES;
				BUNDLE_LOADER = "$(TEST_HOST)";
				CODE_SIGN_STYLE = Automatic;
				DEVELOPMENT_TEAM = L73M8R7276;
				INFOPLIST_FILE = NFC_ReaderTests/Info.plist;
				IPHONEOS_DEPLOYMENT_TARGET = 14.5;
				LD_RUNPATH_SEARCH_PATHS = (
					"$(inherited)",
					"@executable_path/Frameworks",
					"@loader_path/Frameworks",
				);
				PRODUCT_BUNDLE_IDENTIFIER = "com.m3ts.NFC-ReaderTests";
				PRODUCT_NAME = "$(TARGET_NAME)";
				SWIFT_VERSION = 5.0;
				TARGETED_DEVICE_FAMILY = "1,2";
				TEST_HOST = "$(BUILT_PRODUCTS_DIR)/NFC_Reader.app/NFC_Reader";
			};
			name = Debug;
		};
		CC07F5442731CE9C00DF84DB /* Release */ = {
			isa = XCBuildConfiguration;
			buildSettings = {
				ALWAYS_EMBED_SWIFT_STANDARD_LIBRARIES = YES;
				BUNDLE_LOADER = "$(TEST_HOST)";
				CODE_SIGN_STYLE = Automatic;
				DEVELOPMENT_TEAM = L73M8R7276;
				INFOPLIST_FILE = NFC_ReaderTests/Info.plist;
				IPHONEOS_DEPLOYMENT_TARGET = 14.5;
				LD_RUNPATH_SEARCH_PATHS = (
					"$(inherited)",
					"@executable_path/Frameworks",
					"@loader_path/Frameworks",
				);
				PRODUCT_BUNDLE_IDENTIFIER = "com.m3ts.NFC-ReaderTests";
				PRODUCT_NAME = "$(TARGET_NAME)";
				SWIFT_VERSION = 5.0;
				TARGETED_DEVICE_FAMILY = "1,2";
				TEST_HOST = "$(BUILT_PRODUCTS_DIR)/NFC_Reader.app/NFC_Reader";
			};
			name = Release;
		};
		CC07F5462731CE9C00DF84DB /* Debug */ = {
			isa = XCBuildConfiguration;
			buildSettings = {
				ALWAYS_EMBED_SWIFT_STANDARD_LIBRARIES = YES;
				CODE_SIGN_STYLE = Automatic;
				DEVELOPMENT_TEAM = L73M8R7276;
				INFOPLIST_FILE = NFC_ReaderUITests/Info.plist;
				LD_RUNPATH_SEARCH_PATHS = (
					"$(inherited)",
					"@executable_path/Frameworks",
					"@loader_path/Frameworks",
				);
				PRODUCT_BUNDLE_IDENTIFIER = "com.m3ts.NFC-ReaderUITests";
				PRODUCT_NAME = "$(TARGET_NAME)";
				SWIFT_VERSION = 5.0;
				TARGETED_DEVICE_FAMILY = "1,2";
				TEST_TARGET_NAME = NFC_Reader;
			};
			name = Debug;
		};
		CC07F5472731CE9C00DF84DB /* Release */ = {
			isa = XCBuildConfiguration;
			buildSettings = {
				ALWAYS_EMBED_SWIFT_STANDARD_LIBRARIES = YES;
				CODE_SIGN_STYLE = Automatic;
				DEVELOPMENT_TEAM = L73M8R7276;
				INFOPLIST_FILE = NFC_ReaderUITests/Info.plist;
				LD_RUNPATH_SEARCH_PATHS = (
					"$(inherited)",
					"@executable_path/Frameworks",
					"@loader_path/Frameworks",
				);
				PRODUCT_BUNDLE_IDENTIFIER = "com.m3ts.NFC-ReaderUITests";
				PRODUCT_NAME = "$(TARGET_NAME)";
				SWIFT_VERSION = 5.0;
				TARGETED_DEVICE_FAMILY = "1,2";
				TEST_TARGET_NAME = NFC_Reader;
			};
			name = Release;
		};
/* End XCBuildConfiguration section */

/* Begin XCConfigurationList section */
		CC07F5102731CE9A00DF84DB /* Build configuration list for PBXProject "NFC_Reader" */ = {
			isa = XCConfigurationList;
			buildConfigurations = (
				CC07F53D2731CE9C00DF84DB /* Debug */,
				CC07F53E2731CE9C00DF84DB /* Release */,
			);
			defaultConfigurationIsVisible = 0;
			defaultConfigurationName = Release;
		};
		CC07F53F2731CE9C00DF84DB /* Build configuration list for PBXNativeTarget "NFC_Reader" */ = {
			isa = XCConfigurationList;
			buildConfigurations = (
				CC07F5402731CE9C00DF84DB /* Debug */,
				CC07F5412731CE9C00DF84DB /* Release */,
			);
			defaultConfigurationIsVisible = 0;
			defaultConfigurationName = Release;
		};
		CC07F5422731CE9C00DF84DB /* Build configuration list for PBXNativeTarget "NFC_ReaderTests" */ = {
			isa = XCConfigurationList;
			buildConfigurations = (
				CC07F5432731CE9C00DF84DB /* Debug */,
				CC07F5442731CE9C00DF84DB /* Release */,
			);
			defaultConfigurationIsVisible = 0;
			defaultConfigurationName = Release;
		};
		CC07F5452731CE9C00DF84DB /* Build configuration list for PBXNativeTarget "NFC_ReaderUITests" */ = {
			isa = XCConfigurationList;
			buildConfigurations = (
				CC07F5462731CE9C00DF84DB /* Debug */,
				CC07F5472731CE9C00DF84DB /* Release */,
			);
			defaultConfigurationIsVisible = 0;
			defaultConfigurationName = Release;
		};
/* End XCConfigurationList section */
	};
	rootObject = CC07F50D2731CE9A00DF84DB /* Project object */;
}
