// !$*UTF8*$!
{
	archiveVersion = 1;
	classes = {
	};
	objectVersion = 55;
	objects = {

/* Begin PBXBuildFile section */
		CC510126276BD2E400C67CB1 /* AppDelegate.swift in Sources */ = {isa = PBXBuildFile; fileRef = CC510125276BD2E400C67CB1 /* AppDelegate.swift */; };
		CC510128276BD2E400C67CB1 /* SceneDelegate.swift in Sources */ = {isa = PBXBuildFile; fileRef = CC510127276BD2E400C67CB1 /* SceneDelegate.swift */; };
		CC51012A276BD2E400C67CB1 /* ViewController.swift in Sources */ = {isa = PBXBuildFile; fileRef = CC510129276BD2E400C67CB1 /* ViewController.swift */; };
		CC51012D276BD2E400C67CB1 /* Main.storyboard in Resources */ = {isa = PBXBuildFile; fileRef = CC51012B276BD2E400C67CB1 /* Main.storyboard */; };
		CC51012F276BD2E700C67CB1 /* Assets.xcassets in Resources */ = {isa = PBXBuildFile; fileRef = CC51012E276BD2E700C67CB1 /* Assets.xcassets */; };
		CC510132276BD2E700C67CB1 /* LaunchScreen.storyboard in Resources */ = {isa = PBXBuildFile; fileRef = CC510130276BD2E700C67CB1 /* LaunchScreen.storyboard */; };
		CC51013D276BD2E700C67CB1 /* toastTestTests.swift in Sources */ = {isa = PBXBuildFile; fileRef = CC51013C276BD2E700C67CB1 /* toastTestTests.swift */; };
		CC510147276BD2E700C67CB1 /* toastTestUITests.swift in Sources */ = {isa = PBXBuildFile; fileRef = CC510146276BD2E700C67CB1 /* toastTestUITests.swift */; };
		CC510149276BD2E700C67CB1 /* toastTestUITestsLaunchTests.swift in Sources */ = {isa = PBXBuildFile; fileRef = CC510148276BD2E700C67CB1 /* toastTestUITestsLaunchTests.swift */; };
/* End PBXBuildFile section */

/* Begin PBXContainerItemProxy section */
		CC510139276BD2E700C67CB1 /* PBXContainerItemProxy */ = {
			isa = PBXContainerItemProxy;
			containerPortal = CC51011A276BD2E400C67CB1 /* Project object */;
			proxyType = 1;
			remoteGlobalIDString = CC510121276BD2E400C67CB1;
			remoteInfo = toastTest;
		};
		CC510143276BD2E700C67CB1 /* PBXContainerItemProxy */ = {
			isa = PBXContainerItemProxy;
			containerPortal = CC51011A276BD2E400C67CB1 /* Project object */;
			proxyType = 1;
			remoteGlobalIDString = CC510121276BD2E400C67CB1;
			remoteInfo = toastTest;
		};
/* End PBXContainerItemProxy section */

/* Begin PBXFileReference section */
		CC510122276BD2E400C67CB1 /* toastTest.app */ = {isa = PBXFileReference; explicitFileType = wrapper.application; includeInIndex = 0; path = toastTest.app; sourceTree = BUILT_PRODUCTS_DIR; };
		CC510125276BD2E400C67CB1 /* AppDelegate.swift */ = {isa = PBXFileReference; lastKnownFileType = sourcecode.swift; path = AppDelegate.swift; sourceTree = "<group>"; };
		CC510127276BD2E400C67CB1 /* SceneDelegate.swift */ = {isa = PBXFileReference; lastKnownFileType = sourcecode.swift; path = SceneDelegate.swift; sourceTree = "<group>"; };
		CC510129276BD2E400C67CB1 /* ViewController.swift */ = {isa = PBXFileReference; lastKnownFileType = sourcecode.swift; path = ViewController.swift; sourceTree = "<group>"; };
		CC51012C276BD2E400C67CB1 /* Base */ = {isa = PBXFileReference; lastKnownFileType = file.storyboard; name = Base; path = Base.lproj/Main.storyboard; sourceTree = "<group>"; };
		CC51012E276BD2E700C67CB1 /* Assets.xcassets */ = {isa = PBXFileReference; lastKnownFileType = folder.assetcatalog; path = Assets.xcassets; sourceTree = "<group>"; };
		CC510131276BD2E700C67CB1 /* Base */ = {isa = PBXFileReference; lastKnownFileType = file.storyboard; name = Base; path = Base.lproj/LaunchScreen.storyboard; sourceTree = "<group>"; };
		CC510133276BD2E700C67CB1 /* Info.plist */ = {isa = PBXFileReference; lastKnownFileType = text.plist.xml; path = Info.plist; sourceTree = "<group>"; };
		CC510138276BD2E700C67CB1 /* toastTestTests.xctest */ = {isa = PBXFileReference; explicitFileType = wrapper.cfbundle; includeInIndex = 0; path = toastTestTests.xctest; sourceTree = BUILT_PRODUCTS_DIR; };
		CC51013C276BD2E700C67CB1 /* toastTestTests.swift */ = {isa = PBXFileReference; lastKnownFileType = sourcecode.swift; path = toastTestTests.swift; sourceTree = "<group>"; };
		CC510142276BD2E700C67CB1 /* toastTestUITests.xctest */ = {isa = PBXFileReference; explicitFileType = wrapper.cfbundle; includeInIndex = 0; path = toastTestUITests.xctest; sourceTree = BUILT_PRODUCTS_DIR; };
		CC510146276BD2E700C67CB1 /* toastTestUITests.swift */ = {isa = PBXFileReference; lastKnownFileType = sourcecode.swift; path = toastTestUITests.swift; sourceTree = "<group>"; };
		CC510148276BD2E700C67CB1 /* toastTestUITestsLaunchTests.swift */ = {isa = PBXFileReference; lastKnownFileType = sourcecode.swift; path = toastTestUITestsLaunchTests.swift; sourceTree = "<group>"; };
/* End PBXFileReference section */

/* Begin PBXFrameworksBuildPhase section */
		CC51011F276BD2E400C67CB1 /* Frameworks */ = {
			isa = PBXFrameworksBuildPhase;
			buildActionMask = 2147483647;
			files = (
			);
			runOnlyForDeploymentPostprocessing = 0;
		};
		CC510135276BD2E700C67CB1 /* Frameworks */ = {
			isa = PBXFrameworksBuildPhase;
			buildActionMask = 2147483647;
			files = (
			);
			runOnlyForDeploymentPostprocessing = 0;
		};
		CC51013F276BD2E700C67CB1 /* Frameworks */ = {
			isa = PBXFrameworksBuildPhase;
			buildActionMask = 2147483647;
			files = (
			);
			runOnlyForDeploymentPostprocessing = 0;
		};
/* End PBXFrameworksBuildPhase section */

/* Begin PBXGroup section */
		CC510119276BD2E400C67CB1 = {
			isa = PBXGroup;
			children = (
				CC510124276BD2E400C67CB1 /* toastTest */,
				CC51013B276BD2E700C67CB1 /* toastTestTests */,
				CC510145276BD2E700C67CB1 /* toastTestUITests */,
				CC510123276BD2E400C67CB1 /* Products */,
			);
			sourceTree = "<group>";
		};
		CC510123276BD2E400C67CB1 /* Products */ = {
			isa = PBXGroup;
			children = (
				CC510122276BD2E400C67CB1 /* toastTest.app */,
				CC510138276BD2E700C67CB1 /* toastTestTests.xctest */,
				CC510142276BD2E700C67CB1 /* toastTestUITests.xctest */,
			);
			name = Products;
			sourceTree = "<group>";
		};
		CC510124276BD2E400C67CB1 /* toastTest */ = {
			isa = PBXGroup;
			children = (
				CC510125276BD2E400C67CB1 /* AppDelegate.swift */,
				CC510127276BD2E400C67CB1 /* SceneDelegate.swift */,
				CC510129276BD2E400C67CB1 /* ViewController.swift */,
				CC51012B276BD2E400C67CB1 /* Main.storyboard */,
				CC51012E276BD2E700C67CB1 /* Assets.xcassets */,
				CC510130276BD2E700C67CB1 /* LaunchScreen.storyboard */,
				CC510133276BD2E700C67CB1 /* Info.plist */,
			);
			path = toastTest;
			sourceTree = "<group>";
		};
		CC51013B276BD2E700C67CB1 /* toastTestTests */ = {
			isa = PBXGroup;
			children = (
				CC51013C276BD2E700C67CB1 /* toastTestTests.swift */,
			);
			path = toastTestTests;
			sourceTree = "<group>";
		};
		CC510145276BD2E700C67CB1 /* toastTestUITests */ = {
			isa = PBXGroup;
			children = (
				CC510146276BD2E700C67CB1 /* toastTestUITests.swift */,
				CC510148276BD2E700C67CB1 /* toastTestUITestsLaunchTests.swift */,
			);
			path = toastTestUITests;
			sourceTree = "<group>";
		};
/* End PBXGroup section */

/* Begin PBXNativeTarget section */
		CC510121276BD2E400C67CB1 /* toastTest */ = {
			isa = PBXNativeTarget;
			buildConfigurationList = CC51014C276BD2E700C67CB1 /* Build configuration list for PBXNativeTarget "toastTest" */;
			buildPhases = (
				CC51011E276BD2E400C67CB1 /* Sources */,
				CC51011F276BD2E400C67CB1 /* Frameworks */,
				CC510120276BD2E400C67CB1 /* Resources */,
			);
			buildRules = (
			);
			dependencies = (
			);
			name = toastTest;
			productName = toastTest;
			productReference = CC510122276BD2E400C67CB1 /* toastTest.app */;
			productType = "com.apple.product-type.application";
		};
		CC510137276BD2E700C67CB1 /* toastTestTests */ = {
			isa = PBXNativeTarget;
			buildConfigurationList = CC51014F276BD2E700C67CB1 /* Build configuration list for PBXNativeTarget "toastTestTests" */;
			buildPhases = (
				CC510134276BD2E700C67CB1 /* Sources */,
				CC510135276BD2E700C67CB1 /* Frameworks */,
				CC510136276BD2E700C67CB1 /* Resources */,
			);
			buildRules = (
			);
			dependencies = (
				CC51013A276BD2E700C67CB1 /* PBXTargetDependency */,
			);
			name = toastTestTests;
			productName = toastTestTests;
			productReference = CC510138276BD2E700C67CB1 /* toastTestTests.xctest */;
			productType = "com.apple.product-type.bundle.unit-test";
		};
		CC510141276BD2E700C67CB1 /* toastTestUITests */ = {
			isa = PBXNativeTarget;
			buildConfigurationList = CC510152276BD2E700C67CB1 /* Build configuration list for PBXNativeTarget "toastTestUITests" */;
			buildPhases = (
				CC51013E276BD2E700C67CB1 /* Sources */,
				CC51013F276BD2E700C67CB1 /* Frameworks */,
				CC510140276BD2E700C67CB1 /* Resources */,
			);
			buildRules = (
			);
			dependencies = (
				CC510144276BD2E700C67CB1 /* PBXTargetDependency */,
			);
			name = toastTestUITests;
			productName = toastTestUITests;
			productReference = CC510142276BD2E700C67CB1 /* toastTestUITests.xctest */;
			productType = "com.apple.product-type.bundle.ui-testing";
		};
/* End PBXNativeTarget section */

/* Begin PBXProject section */
		CC51011A276BD2E400C67CB1 /* Project object */ = {
			isa = PBXProject;
			attributes = {
				BuildIndependentTargetsInParallel = 1;
				LastSwiftUpdateCheck = 1310;
				LastUpgradeCheck = 1310;
				TargetAttributes = {
					CC510121276BD2E400C67CB1 = {
						CreatedOnToolsVersion = 13.1;
					};
					CC510137276BD2E700C67CB1 = {
						CreatedOnToolsVersion = 13.1;
						TestTargetID = CC510121276BD2E400C67CB1;
					};
					CC510141276BD2E700C67CB1 = {
						CreatedOnToolsVersion = 13.1;
						TestTargetID = CC510121276BD2E400C67CB1;
					};
				};
			};
			buildConfigurationList = CC51011D276BD2E400C67CB1 /* Build configuration list for PBXProject "toastTest" */;
			compatibilityVersion = "Xcode 13.0";
			developmentRegion = en;
			hasScannedForEncodings = 0;
			knownRegions = (
				en,
				Base,
			);
			mainGroup = CC510119276BD2E400C67CB1;
			productRefGroup = CC510123276BD2E400C67CB1 /* Products */;
			projectDirPath = "";
			projectRoot = "";
			targets = (
				CC510121276BD2E400C67CB1 /* toastTest */,
				CC510137276BD2E700C67CB1 /* toastTestTests */,
				CC510141276BD2E700C67CB1 /* toastTestUITests */,
			);
		};
/* End PBXProject section */

/* Begin PBXResourcesBuildPhase section */
		CC510120276BD2E400C67CB1 /* Resources */ = {
			isa = PBXResourcesBuildPhase;
			buildActionMask = 2147483647;
			files = (
				CC510132276BD2E700C67CB1 /* LaunchScreen.storyboard in Resources */,
				CC51012F276BD2E700C67CB1 /* Assets.xcassets in Resources */,
				CC51012D276BD2E400C67CB1 /* Main.storyboard in Resources */,
			);
			runOnlyForDeploymentPostprocessing = 0;
		};
		CC510136276BD2E700C67CB1 /* Resources */ = {
			isa = PBXResourcesBuildPhase;
			buildActionMask = 2147483647;
			files = (
			);
			runOnlyForDeploymentPostprocessing = 0;
		};
		CC510140276BD2E700C67CB1 /* Resources */ = {
			isa = PBXResourcesBuildPhase;
			buildActionMask = 2147483647;
			files = (
			);
			runOnlyForDeploymentPostprocessing = 0;
		};
/* End PBXResourcesBuildPhase section */

/* Begin PBXSourcesBuildPhase section */
		CC51011E276BD2E400C67CB1 /* Sources */ = {
			isa = PBXSourcesBuildPhase;
			buildActionMask = 2147483647;
			files = (
				CC51012A276BD2E400C67CB1 /* ViewController.swift in Sources */,
				CC510126276BD2E400C67CB1 /* AppDelegate.swift in Sources */,
				CC510128276BD2E400C67CB1 /* SceneDelegate.swift in Sources */,
			);
			runOnlyForDeploymentPostprocessing = 0;
		};
		CC510134276BD2E700C67CB1 /* Sources */ = {
			isa = PBXSourcesBuildPhase;
			buildActionMask = 2147483647;
			files = (
				CC51013D276BD2E700C67CB1 /* toastTestTests.swift in Sources */,
			);
			runOnlyForDeploymentPostprocessing = 0;
		};
		CC51013E276BD2E700C67CB1 /* Sources */ = {
			isa = PBXSourcesBuildPhase;
			buildActionMask = 2147483647;
			files = (
				CC510149276BD2E700C67CB1 /* toastTestUITestsLaunchTests.swift in Sources */,
				CC510147276BD2E700C67CB1 /* toastTestUITests.swift in Sources */,
			);
			runOnlyForDeploymentPostprocessing = 0;
		};
/* End PBXSourcesBuildPhase section */

/* Begin PBXTargetDependency section */
		CC51013A276BD2E700C67CB1 /* PBXTargetDependency */ = {
			isa = PBXTargetDependency;
			target = CC510121276BD2E400C67CB1 /* toastTest */;
			targetProxy = CC510139276BD2E700C67CB1 /* PBXContainerItemProxy */;
		};
		CC510144276BD2E700C67CB1 /* PBXTargetDependency */ = {
			isa = PBXTargetDependency;
			target = CC510121276BD2E400C67CB1 /* toastTest */;
			targetProxy = CC510143276BD2E700C67CB1 /* PBXContainerItemProxy */;
		};
/* End PBXTargetDependency section */

/* Begin PBXVariantGroup section */
		CC51012B276BD2E400C67CB1 /* Main.storyboard */ = {
			isa = PBXVariantGroup;
			children = (
				CC51012C276BD2E400C67CB1 /* Base */,
			);
			name = Main.storyboard;
			sourceTree = "<group>";
		};
		CC510130276BD2E700C67CB1 /* LaunchScreen.storyboard */ = {
			isa = PBXVariantGroup;
			children = (
				CC510131276BD2E700C67CB1 /* Base */,
			);
			name = LaunchScreen.storyboard;
			sourceTree = "<group>";
		};
/* End PBXVariantGroup section */

/* Begin XCBuildConfiguration section */
		CC51014A276BD2E700C67CB1 /* Debug */ = {
			isa = XCBuildConfiguration;
			buildSettings = {
				ALWAYS_SEARCH_USER_PATHS = NO;
				CLANG_ANALYZER_NONNULL = YES;
				CLANG_ANALYZER_NUMBER_OBJECT_CONVERSION = YES_AGGRESSIVE;
				CLANG_CXX_LANGUAGE_STANDARD = "gnu++17";
				CLANG_CXX_LIBRARY = "libc++";
				CLANG_ENABLE_MODULES = YES;
				CLANG_ENABLE_OBJC_ARC = YES;
				CLANG_ENABLE_OBJC_WEAK = YES;
				CLANG_WARN_BLOCK_CAPTURE_AUTORELEASING = YES;
				CLANG_WARN_BOOL_CONVERSION = YES;
				CLANG_WARN_COMMA = YES;
				CLANG_WARN_CONSTANT_CONVERSION = YES;
				CLANG_WARN_DEPRECATED_OBJC_IMPLEMENTATIONS = YES;
				CLANG_WARN_DIRECT_OBJC_ISA_USAGE = YES_ERROR;
				CLANG_WARN_DOCUMENTATION_COMMENTS = YES;
				CLANG_WARN_EMPTY_BODY = YES;
				CLANG_WARN_ENUM_CONVERSION = YES;
				CLANG_WARN_INFINITE_RECURSION = YES;
				CLANG_WARN_INT_CONVERSION = YES;
				CLANG_WARN_NON_LITERAL_NULL_CONVERSION = YES;
				CLANG_WARN_OBJC_IMPLICIT_RETAIN_SELF = YES;
				CLANG_WARN_OBJC_LITERAL_CONVERSION = YES;
				CLANG_WARN_OBJC_ROOT_CLASS = YES_ERROR;
				CLANG_WARN_QUOTED_INCLUDE_IN_FRAMEWORK_HEADER = YES;
				CLANG_WARN_RANGE_LOOP_ANALYSIS = YES;
				CLANG_WARN_STRICT_PROTOTYPES = YES;
				CLANG_WARN_SUSPICIOUS_MOVE = YES;
				CLANG_WARN_UNGUARDED_AVAILABILITY = YES_AGGRESSIVE;
				CLANG_WARN_UNREACHABLE_CODE = YES;
				CLANG_WARN__DUPLICATE_METHOD_MATCH = YES;
				COPY_PHASE_STRIP = NO;
				DEBUG_INFORMATION_FORMAT = dwarf;
				ENABLE_STRICT_OBJC_MSGSEND = YES;
				ENABLE_TESTABILITY = YES;
				GCC_C_LANGUAGE_STANDARD = gnu11;
				GCC_DYNAMIC_NO_PIC = NO;
				GCC_NO_COMMON_BLOCKS = YES;
				GCC_OPTIMIZATION_LEVEL = 0;
				GCC_PREPROCESSOR_DEFINITIONS = (
					"DEBUG=1",
					"$(inherited)",
				);
				GCC_WARN_64_TO_32_BIT_CONVERSION = YES;
				GCC_WARN_ABOUT_RETURN_TYPE = YES_ERROR;
				GCC_WARN_UNDECLARED_SELECTOR = YES;
				GCC_WARN_UNINITIALIZED_AUTOS = YES_AGGRESSIVE;
				GCC_WARN_UNUSED_FUNCTION = YES;
				GCC_WARN_UNUSED_VARIABLE = YES;
				IPHONEOS_DEPLOYMENT_TARGET = 15.0;
				MTL_ENABLE_DEBUG_INFO = INCLUDE_SOURCE;
				MTL_FAST_MATH = YES;
				ONLY_ACTIVE_ARCH = YES;
				SDKROOT = iphoneos;
				SWIFT_ACTIVE_COMPILATION_CONDITIONS = DEBUG;
				SWIFT_OPTIMIZATION_LEVEL = "-Onone";
			};
			name = Debug;
		};
		CC51014B276BD2E700C67CB1 /* Release */ = {
			isa = XCBuildConfiguration;
			buildSettings = {
				ALWAYS_SEARCH_USER_PATHS = NO;
				CLANG_ANALYZER_NONNULL = YES;
				CLANG_ANALYZER_NUMBER_OBJECT_CONVERSION = YES_AGGRESSIVE;
				CLANG_CXX_LANGUAGE_STANDARD = "gnu++17";
				CLANG_CXX_LIBRARY = "libc++";
				CLANG_ENABLE_MODULES = YES;
				CLANG_ENABLE_OBJC_ARC = YES;
				CLANG_ENABLE_OBJC_WEAK = YES;
				CLANG_WARN_BLOCK_CAPTURE_AUTORELEASING = YES;
				CLANG_WARN_BOOL_CONVERSION = YES;
				CLANG_WARN_COMMA = YES;
				CLANG_WARN_CONSTANT_CONVERSION = YES;
				CLANG_WARN_DEPRECATED_OBJC_IMPLEMENTATIONS = YES;
				CLANG_WARN_DIRECT_OBJC_ISA_USAGE = YES_ERROR;
				CLANG_WARN_DOCUMENTATION_COMMENTS = YES;
				CLANG_WARN_EMPTY_BODY = YES;
				CLANG_WARN_ENUM_CONVERSION = YES;
				CLANG_WARN_INFINITE_RECURSION = YES;
				CLANG_WARN_INT_CONVERSION = YES;
				CLANG_WARN_NON_LITERAL_NULL_CONVERSION = YES;
				CLANG_WARN_OBJC_IMPLICIT_RETAIN_SELF = YES;
				CLANG_WARN_OBJC_LITERAL_CONVERSION = YES;
				CLANG_WARN_OBJC_ROOT_CLASS = YES_ERROR;
				CLANG_WARN_QUOTED_INCLUDE_IN_FRAMEWORK_HEADER = YES;
				CLANG_WARN_RANGE_LOOP_ANALYSIS = YES;
				CLANG_WARN_STRICT_PROTOTYPES = YES;
				CLANG_WARN_SUSPICIOUS_MOVE = YES;
				CLANG_WARN_UNGUARDED_AVAILABILITY = YES_AGGRESSIVE;
				CLANG_WARN_UNREACHABLE_CODE = YES;
				CLANG_WARN__DUPLICATE_METHOD_MATCH = YES;
				COPY_PHASE_STRIP = NO;
				DEBUG_INFORMATION_FORMAT = "dwarf-with-dsym";
				ENABLE_NS_ASSERTIONS = NO;
				ENABLE_STRICT_OBJC_MSGSEND = YES;
				GCC_C_LANGUAGE_STANDARD = gnu11;
				GCC_NO_COMMON_BLOCKS = YES;
				GCC_WARN_64_TO_32_BIT_CONVERSION = YES;
				GCC_WARN_ABOUT_RETURN_TYPE = YES_ERROR;
				GCC_WARN_UNDECLARED_SELECTOR = YES;
				GCC_WARN_UNINITIALIZED_AUTOS = YES_AGGRESSIVE;
				GCC_WARN_UNUSED_FUNCTION = YES;
				GCC_WARN_UNUSED_VARIABLE = YES;
				IPHONEOS_DEPLOYMENT_TARGET = 15.0;
				MTL_ENABLE_DEBUG_INFO = NO;
				MTL_FAST_MATH = YES;
				SDKROOT = iphoneos;
				SWIFT_COMPILATION_MODE = wholemodule;
				SWIFT_OPTIMIZATION_LEVEL = "-O";
				VALIDATE_PRODUCT = YES;
			};
			name = Release;
		};
		CC51014D276BD2E700C67CB1 /* Debug */ = {
			isa = XCBuildConfiguration;
			buildSettings = {
				ASSETCATALOG_COMPILER_APPICON_NAME = AppIcon;
				ASSETCATALOG_COMPILER_GLOBAL_ACCENT_COLOR_NAME = AccentColor;
				CODE_SIGN_STYLE = Automatic;
				CURRENT_PROJECT_VERSION = 1;
				DEVELOPMENT_TEAM = L73M8R7276;
				GENERATE_INFOPLIST_FILE = YES;
				INFOPLIST_FILE = toastTest/Info.plist;
				INFOPLIST_KEY_UIApplicationSupportsIndirectInputEvents = YES;
				INFOPLIST_KEY_UILaunchStoryboardName = LaunchScreen;
				INFOPLIST_KEY_UIMainStoryboardFile = Main;
				INFOPLIST_KEY_UISupportedInterfaceOrientations_iPad = "UIInterfaceOrientationPortrait UIInterfaceOrientationPortraitUpsideDown UIInterfaceOrientationLandscapeLeft UIInterfaceOrientationLandscapeRight";
				INFOPLIST_KEY_UISupportedInterfaceOrientations_iPhone = "UIInterfaceOrientationPortrait UIInterfaceOrientationLandscapeLeft UIInterfaceOrientationLandscapeRight";
				IPHONEOS_DEPLOYMENT_TARGET = 14.0;
				LD_RUNPATH_SEARCH_PATHS = (
					"$(inherited)",
					"@executable_path/Frameworks",
				);
				MARKETING_VERSION = 1.0;
				PRODUCT_BUNDLE_IDENTIFIER = com.leemccormick.testCoreNFC.toastTest;
				PRODUCT_NAME = "$(TARGET_NAME)";
				SWIFT_EMIT_LOC_STRINGS = YES;
				SWIFT_VERSION = 5.0;
				TARGETED_DEVICE_FAMILY = "1,2";
			};
			name = Debug;
		};
		CC51014E276BD2E700C67CB1 /* Release */ = {
			isa = XCBuildConfiguration;
			buildSettings = {
				ASSETCATALOG_COMPILER_APPICON_NAME = AppIcon;
				ASSETCATALOG_COMPILER_GLOBAL_ACCENT_COLOR_NAME = AccentColor;
				CODE_SIGN_STYLE = Automatic;
				CURRENT_PROJECT_VERSION = 1;
				DEVELOPMENT_TEAM = L73M8R7276;
				GENERATE_INFOPLIST_FILE = YES;
				INFOPLIST_FILE = toastTest/Info.plist;
				INFOPLIST_KEY_UIApplicationSupportsIndirectInputEvents = YES;
				INFOPLIST_KEY_UILaunchStoryboardName = LaunchScreen;
				INFOPLIST_KEY_UIMainStoryboardFile = Main;
				INFOPLIST_KEY_UISupportedInterfaceOrientations_iPad = "UIInterfaceOrientationPortrait UIInterfaceOrientationPortraitUpsideDown UIInterfaceOrientationLandscapeLeft UIInterfaceOrientationLandscapeRight";
				INFOPLIST_KEY_UISupportedInterfaceOrientations_iPhone = "UIInterfaceOrientationPortrait UIInterfaceOrientationLandscapeLeft UIInterfaceOrientationLandscapeRight";
				IPHONEOS_DEPLOYMENT_TARGET = 14.0;
				LD_RUNPATH_SEARCH_PATHS = (
					"$(inherited)",
					"@executable_path/Frameworks",
				);
				MARKETING_VERSION = 1.0;
				PRODUCT_BUNDLE_IDENTIFIER = com.leemccormick.testCoreNFC.toastTest;
				PRODUCT_NAME = "$(TARGET_NAME)";
				SWIFT_EMIT_LOC_STRINGS = YES;
				SWIFT_VERSION = 5.0;
				TARGETED_DEVICE_FAMILY = "1,2";
			};
			name = Release;
		};
		CC510150276BD2E700C67CB1 /* Debug */ = {
			isa = XCBuildConfiguration;
			buildSettings = {
				ALWAYS_EMBED_SWIFT_STANDARD_LIBRARIES = YES;
				BUNDLE_LOADER = "$(TEST_HOST)";
				CODE_SIGN_STYLE = Automatic;
				CURRENT_PROJECT_VERSION = 1;
				DEVELOPMENT_TEAM = L73M8R7276;
				GENERATE_INFOPLIST_FILE = YES;
				IPHONEOS_DEPLOYMENT_TARGET = 15.0;
				LD_RUNPATH_SEARCH_PATHS = (
					"$(inherited)",
					"@executable_path/Frameworks",
					"@loader_path/Frameworks",
				);
				MARKETING_VERSION = 1.0;
				PRODUCT_BUNDLE_IDENTIFIER = com.leemccormick.testCoreNFC.toastTestTests;
				PRODUCT_NAME = "$(TARGET_NAME)";
				SWIFT_EMIT_LOC_STRINGS = NO;
				SWIFT_VERSION = 5.0;
				TARGETED_DEVICE_FAMILY = "1,2";
				TEST_HOST = "$(BUILT_PRODUCTS_DIR)/toastTest.app/toastTest";
			};
			name = Debug;
		};
		CC510151276BD2E700C67CB1 /* Release */ = {
			isa = XCBuildConfiguration;
			buildSettings = {
				ALWAYS_EMBED_SWIFT_STANDARD_LIBRARIES = YES;
				BUNDLE_LOADER = "$(TEST_HOST)";
				CODE_SIGN_STYLE = Automatic;
				CURRENT_PROJECT_VERSION = 1;
				DEVELOPMENT_TEAM = L73M8R7276;
				GENERATE_INFOPLIST_FILE = YES;
				IPHONEOS_DEPLOYMENT_TARGET = 15.0;
				LD_RUNPATH_SEARCH_PATHS = (
					"$(inherited)",
					"@executable_path/Frameworks",
					"@loader_path/Frameworks",
				);
				MARKETING_VERSION = 1.0;
				PRODUCT_BUNDLE_IDENTIFIER = com.leemccormick.testCoreNFC.toastTestTests;
				PRODUCT_NAME = "$(TARGET_NAME)";
				SWIFT_EMIT_LOC_STRINGS = NO;
				SWIFT_VERSION = 5.0;
				TARGETED_DEVICE_FAMILY = "1,2";
				TEST_HOST = "$(BUILT_PRODUCTS_DIR)/toastTest.app/toastTest";
			};
			name = Release;
		};
		CC510153276BD2E700C67CB1 /* Debug */ = {
			isa = XCBuildConfiguration;
			buildSettings = {
				ALWAYS_EMBED_SWIFT_STANDARD_LIBRARIES = YES;
				CODE_SIGN_STYLE = Automatic;
				CURRENT_PROJECT_VERSION = 1;
				DEVELOPMENT_TEAM = L73M8R7276;
				GENERATE_INFOPLIST_FILE = YES;
				LD_RUNPATH_SEARCH_PATHS = (
					"$(inherited)",
					"@executable_path/Frameworks",
					"@loader_path/Frameworks",
				);
				MARKETING_VERSION = 1.0;
				PRODUCT_BUNDLE_IDENTIFIER = com.leemccormick.testCoreNFC.toastTestUITests;
				PRODUCT_NAME = "$(TARGET_NAME)";
				SWIFT_EMIT_LOC_STRINGS = NO;
				SWIFT_VERSION = 5.0;
				TARGETED_DEVICE_FAMILY = "1,2";
				TEST_TARGET_NAME = toastTest;
			};
			name = Debug;
		};
		CC510154276BD2E700C67CB1 /* Release */ = {
			isa = XCBuildConfiguration;
			buildSettings = {
				ALWAYS_EMBED_SWIFT_STANDARD_LIBRARIES = YES;
				CODE_SIGN_STYLE = Automatic;
				CURRENT_PROJECT_VERSION = 1;
				DEVELOPMENT_TEAM = L73M8R7276;
				GENERATE_INFOPLIST_FILE = YES;
				LD_RUNPATH_SEARCH_PATHS = (
					"$(inherited)",
					"@executable_path/Frameworks",
					"@loader_path/Frameworks",
				);
				MARKETING_VERSION = 1.0;
				PRODUCT_BUNDLE_IDENTIFIER = com.leemccormick.testCoreNFC.toastTestUITests;
				PRODUCT_NAME = "$(TARGET_NAME)";
				SWIFT_EMIT_LOC_STRINGS = NO;
				SWIFT_VERSION = 5.0;
				TARGETED_DEVICE_FAMILY = "1,2";
				TEST_TARGET_NAME = toastTest;
			};
			name = Release;
		};
/* End XCBuildConfiguration section */

/* Begin XCConfigurationList section */
		CC51011D276BD2E400C67CB1 /* Build configuration list for PBXProject "toastTest" */ = {
			isa = XCConfigurationList;
			buildConfigurations = (
				CC51014A276BD2E700C67CB1 /* Debug */,
				CC51014B276BD2E700C67CB1 /* Release */,
			);
			defaultConfigurationIsVisible = 0;
			defaultConfigurationName = Release;
		};
		CC51014C276BD2E700C67CB1 /* Build configuration list for PBXNativeTarget "toastTest" */ = {
			isa = XCConfigurationList;
			buildConfigurations = (
				CC51014D276BD2E700C67CB1 /* Debug */,
				CC51014E276BD2E700C67CB1 /* Release */,
			);
			defaultConfigurationIsVisible = 0;
			defaultConfigurationName = Release;
		};
		CC51014F276BD2E700C67CB1 /* Build configuration list for PBXNativeTarget "toastTestTests" */ = {
			isa = XCConfigurationList;
			buildConfigurations = (
				CC510150276BD2E700C67CB1 /* Debug */,
				CC510151276BD2E700C67CB1 /* Release */,
			);
			defaultConfigurationIsVisible = 0;
			defaultConfigurationName = Release;
		};
		CC510152276BD2E700C67CB1 /* Build configuration list for PBXNativeTarget "toastTestUITests" */ = {
			isa = XCConfigurationList;
			buildConfigurations = (
				CC510153276BD2E700C67CB1 /* Debug */,
				CC510154276BD2E700C67CB1 /* Release */,
			);
			defaultConfigurationIsVisible = 0;
			defaultConfigurationName = Release;
		};
/* End XCConfigurationList section */
	};
	rootObject = CC51011A276BD2E400C67CB1 /* Project object */;
}
